
Microsoft Visual Studio Solution File, Format Version 12.00
# Visual Studio Version 16
VisualStudioVersion = 16.0.30717.126
MinimumVisualStudioVersion = 10.0.40219.1
Project("{FAE04EC0-301F-11D3-BF4B-00C04F79EFBC}") = "LumMVC_WebAPI", "LumMVC_WebAPI\LumMVC_WebAPI.csproj", "{8003E75D-EE5B-46E0-BB51-B8766944D3B7}"
EndProject
Project("{FAE04EC0-301F-11D3-BF4B-00C04F79EFBC}") = "SystemLibrary", "C:\Users\lic67888\Documents\50 Source\99 New_Project\SystemLibrary\SystemLibrary\SystemLibrary.csproj", "{E5FC48B9-F847-43AB-AFA7-E82F7681B065}"
EndProject
Global
	GlobalSection(SolutionConfigurationPlatforms) = preSolution
		Debug|Any CPU = Debug|Any CPU
		Release|Any CPU = Release|Any CPU
	EndGlobalSection
	GlobalSection(ProjectConfigurationPlatforms) = postSolution
		{8003E75D-EE5B-46E0-BB51-B8766944D3B7}.Debug|Any CPU.ActiveCfg = Debug|Any CPU
		{8003E75D-EE5B-46E0-BB51-B8766944D3B7}.Debug|Any CPU.Build.0 = Debug|Any CPU
		{8003E75D-EE5B-46E0-BB51-B8766944D3B7}.Release|Any CPU.ActiveCfg = Release|Any CPU
		{8003E75D-EE5B-46E0-BB51-B8766944D3B7}.Release|Any CPU.Build.0 = Release|Any CPU
		{E5FC48B9-F847-43AB-AFA7-E82F7681B065}.Debug|Any CPU.ActiveCfg = Debug|Any CPU
		{E5FC48B9-F847-43AB-AFA7-E82F7681B065}.Debug|Any CPU.Build.0 = Debug|Any CPU
		{E5FC48B9-F847-43AB-AFA7-E82F7681B065}.Release|Any CPU.ActiveCfg = Release|Any CPU
		{E5FC48B9-F847-43AB-AFA7-E82F7681B065}.Release|Any CPU.Build.0 = Release|Any CPU
	EndGlobalSection
	GlobalSection(SolutionProperties) = preSolution
		HideSolutionNode = FALSE
	EndGlobalSection
	GlobalSection(ExtensibilityGlobals) = postSolution
		SolutionGuid = {78F67DA1-88C9-4920-B742-36E47CD6B170}
	EndGlobalSection
EndGlobal
